<?xml version="1.0" encoding="UTF-8" standalone="yes" ?>
<CodeBlocks_project_file>
	<FileVersion major="1" minor="6" />
	<Project>
		<Option title="Compiler" />
		<Option pch_mode="2" />
		<Option compiler="gcc" />
		<Build>
			<Target title="Debug">
				<Option output="bin/Debug/Compiler" prefix_auto="1" extension_auto="1" />
				<Option object_output="obj/Debug/" />
				<Option type="1" />
				<Option compiler="gcc" />
				<Compiler>
					<Add option="-g" />
				</Compiler>
			</Target>
			<Target title="Release">
				<Option output="bin/Release/Compiler" prefix_auto="1" extension_auto="1" />
				<Option object_output="obj/Release/" />
				<Option type="1" />
				<Option compiler="gcc" />
				<Compiler>
					<Add option="-O2" />
				</Compiler>
				<Linker>
					<Add option="-s" />
				</Linker>
			</Target>
		</Build>
		<Compiler>
			<Add option="-Wall" />
		</Compiler>
		<Unit filename="Block_Deal.cpp" />
		<Unit filename="Block_Deal.h">
			<Option target="&lt;{~None~}&gt;" />
		</Unit>
		<Unit filename="Enter_Info.cpp" />
		<Unit filename="Enter_Info.h" />
		<Unit filename="Error_Deal.cpp" />
		<Unit filename="Error_Deal.h" />
		<Unit filename="Func_Info.cpp" />
		<Unit filename="Func_Info.h" />
		<Unit filename="Init_Deal.cpp" />
		<Unit filename="Init_Deal.h" />
		<Unit filename="Mid_to_Mips.cpp" />
		<Unit filename="Mid_to_Mips.h" />
		<Unit filename="Optimized_Mid_Code.cpp" />
		<Unit filename="Print_Result.cpp" />
		<Unit filename="Var_Info.cpp" />
		<Unit filename="Var_Info.h" />
		<Unit filename="Word_Deal.cpp" />
		<Unit filename="Word_Deal.h" />
		<Unit filename="main.cpp" />
		<Unit filename="main.h" />
		<Extensions>
			<code_completion />
			<envvars />
			<debugger />
			<lib_finder disable_auto="1" />
		</Extensions>
	</Project>
</CodeBlocks_project_file>
